// !$*UTF8*$!
{
	archiveVersion = 1;
	classes = {
	};
	objectVersion = 48;
	objects = {

/* Begin PBXBuildFile section */
		D595B23F2069EDFA0089FAAF /* AppDelegate.swift in Sources */ = {isa = PBXBuildFile; fileRef = D595B23E2069EDFA0089FAAF /* AppDelegate.swift */; };
		D595B2412069EDFA0089FAAF /* ViewController.swift in Sources */ = {isa = PBXBuildFile; fileRef = D595B2402069EDFA0089FAAF /* ViewController.swift */; };
		D595B2442069EDFA0089FAAF /* Main.storyboard in Resources */ = {isa = PBXBuildFile; fileRef = D595B2422069EDFA0089FAAF /* Main.storyboard */; };
		D595B2462069EDFA0089FAAF /* Assets.xcassets in Resources */ = {isa = PBXBuildFile; fileRef = D595B2452069EDFA0089FAAF /* Assets.xcassets */; };
		D595B2492069EDFA0089FAAF /* LaunchScreen.storyboard in Resources */ = {isa = PBXBuildFile; fileRef = D595B2472069EDFA0089FAAF /* LaunchScreen.storyboard */; };
/* End PBXBuildFile section */

/* Begin PBXFileReference section */
		D595B23B2069EDFA0089FAAF /* VandyAppsWeatherTestingWithLocation.app */ = {isa = PBXFileReference; explicitFileType = wrapper.application; includeInIndex = 0; path = VandyAppsWeatherTestingWithLocation.app; sourceTree = BUILT_PRODUCTS_DIR; };
		D595B23E2069EDFA0089FAAF /* AppDelegate.swift */ = {isa = PBXFileReference; lastKnownFileType = sourcecode.swift; path = AppDelegate.swift; sourceTree = "<group>"; };
		D595B2402069EDFA0089FAAF /* ViewController.swift */ = {isa = PBXFileReference; lastKnownFileType = sourcecode.swift; path = ViewController.swift; sourceTree = "<group>"; };
		D595B2432069EDFA0089FAAF /* Base */ = {isa = PBXFileReference; lastKnownFileType = file.storyboard; name = Base; path = Base.lproj/Main.storyboard; sourceTree = "<group>"; };
		D595B2452069EDFA0089FAAF /* Assets.xcassets */ = {isa = PBXFileReference; lastKnownFileType = folder.assetcatalog; path = Assets.xcassets; sourceTree = "<group>"; };
		D595B2482069EDFA0089FAAF /* Base */ = {isa = PBXFileReference; lastKnownFileType = file.storyboard; name = Base; path = Base.lproj/LaunchScreen.storyboard; sourceTree = "<group>"; };
		D595B24A2069EDFA0089FAAF /* Info.plist */ = {isa = PBXFileReference; lastKnownFileType = text.plist.xml; path = Info.plist; sourceTree = "<group>"; };
/* End PBXFileReference section */

/* Begin PBXFrameworksBuildPhase section */
		D595B2382069EDFA0089FAAF /* Frameworks */ = {
			isa = PBXFrameworksBuildPhase;
			buildActionMask = 2147483647;
			files = (
			);
			runOnlyForDeploymentPostprocessing = 0;
		};
/* End PBXFrameworksBuildPhase section */

/* Begin PBXGroup section */
		D595B2322069EDFA0089FAAF = {
			isa = PBXGroup;
			children = (
				D595B23D2069EDFA0089FAAF /* VandyAppsWeatherTesting */,
				D595B23C2069EDFA0089FAAF /* Products */,
			);
			sourceTree = "<group>";
		};
		D595B23C2069EDFA0089FAAF /* Products */ = {
			isa = PBXGroup;
			children = (
				D595B23B2069EDFA0089FAAF /* VandyAppsWeatherTestingWithLocation.app */,
			);
			name = Products;
			sourceTree = "<group>";
		};
		D595B23D2069EDFA0089FAAF /* VandyAppsWeatherTesting */ = {
			isa = PBXGroup;
			children = (
				D595B23E2069EDFA0089FAAF /* AppDelegate.swift */,
				D595B2402069EDFA0089FAAF /* ViewController.swift */,
				D595B2422069EDFA0089FAAF /* Main.storyboard */,
				D595B2452069EDFA0089FAAF /* Assets.xcassets */,
				D595B2472069EDFA0089FAAF /* LaunchScreen.storyboard */,
				D595B24A2069EDFA0089FAAF /* Info.plist */,
			);
			path = VandyAppsWeatherTesting;
			sourceTree = "<group>";
		};
/* End PBXGroup section */

/* Begin PBXNativeTarget section */
		D595B23A2069EDFA0089FAAF /* VandyAppsWeatherTestingWithLocation */ = {
			isa = PBXNativeTarget;
			buildConfigurationList = D595B24D2069EDFA0089FAAF /* Build configuration list for PBXNativeTarget "VandyAppsWeatherTestingWithLocation" */;
			buildPhases = (
				D595B2372069EDFA0089FAAF /* Sources */,
				D595B2382069EDFA0089FAAF /* Frameworks */,
				D595B2392069EDFA0089FAAF /* Resources */,
			);
			buildRules = (
			);
			dependencies = (
			);
			name = VandyAppsWeatherTestingWithLocation;
			productName = VandyAppsWeatherTesting;
			productReference = D595B23B2069EDFA0089FAAF /* VandyAppsWeatherTestingWithLocation.app */;
			productType = "com.apple.product-type.application";
		};
/* End PBXNativeTarget section */

/* Begin PBXProject section */
		D595B2332069EDFA0089FAAF /* Project object */ = {
			isa = PBXProject;
			attributes = {
				LastSwiftUpdateCheck = 0920;
				LastUpgradeCheck = 0920;
				ORGANIZATIONNAME = Marshall;
				TargetAttributes = {
					D595B23A2069EDFA0089FAAF = {
						CreatedOnToolsVersion = 9.2;
						ProvisioningStyle = Automatic;
					};
				};
			};
			buildConfigurationList = D595B2362069EDFA0089FAAF /* Build configuration list for PBXProject "VandyAppsWeatherTestingWithLocation" */;
			compatibilityVersion = "Xcode 8.0";
			developmentRegion = en;
			hasScannedForEncodings = 0;
			knownRegions = (
				en,
				Base,
			);
			mainGroup = D595B2322069EDFA0089FAAF;
			productRefGroup = D595B23C2069EDFA0089FAAF /* Products */;
			projectDirPath = "";
			projectRoot = "";
			targets = (
				D595B23A2069EDFA0089FAAF /* VandyAppsWeatherTestingWithLocation */,
			);
		};
/* End PBXProject section */

/* Begin PBXResourcesBuildPhase section */
		D595B2392069EDFA0089FAAF /* Resources */ = {
			isa = PBXResourcesBuildPhase;
			buildActionMask = 2147483647;
			files = (
				D595B2492069EDFA0089FAAF /* LaunchScreen.storyboard in Resources */,
				D595B2462069EDFA0089FAAF /* Assets.xcassets in Resources */,
				D595B2442069EDFA0089FAAF /* Main.storyboard in Resources */,
			);
			runOnlyForDeploymentPostprocessing = 0;
		};
/* End PBXResourcesBuildPhase section */

/* Begin PBXSourcesBuildPhase section */
		D595B2372069EDFA0089FAAF /* Sources */ = {
			isa = PBXSourcesBuildPhase;
			buildActionMask = 2147483647;
			files = (
				D595B2412069EDFA0089FAAF /* ViewController.swift in Sources */,
				D595B23F2069EDFA0089FAAF /* AppDelegate.swift in Sources */,
			);
			runOnlyForDeploymentPostprocessing = 0;
		};
/* End PBXSourcesBuildPhase section */

/* Begin PBXVariantGroup section */
		D595B2422069EDFA0089FAAF /* Main.storyboard */ = {
			isa = PBXVariantGroup;
			children = (
				D595B2432069EDFA0089FAAF /* Base */,
			);
			name = Main.storyboard;
			sourceTree = "<group>";
		};
		D595B2472069EDFA0089FAAF /* LaunchScreen.storyboard */ = {
			isa = PBXVariantGroup;
			children = (
				D595B2482069EDFA0089FAAF /* Base */,
			);
			name = LaunchScreen.storyboard;
			sourceTree = "<group>";
		};
/* End PBXVariantGroup section */

/* Begin XCBuildConfiguration section */
		D595B24B2069EDFA0089FAAF /* Debug */ = {
			isa = XCBuildConfiguration;
			buildSettings = {
				ALWAYS_SEARCH_USER_PATHS = NO;
				CLANG_ANALYZER_NONNULL = YES;
				CLANG_ANALYZER_NUMBER_OBJECT_CONVERSION = YES_AGGRESSIVE;
				CLANG_CXX_LANGUAGE_STANDARD = "gnu++14";
				CLANG_CXX_LIBRARY = "libc++";
				CLANG_ENABLE_MODULES = YES;
				CLANG_ENABLE_OBJC_ARC = YES;
				CLANG_WARN_BLOCK_CAPTURE_AUTORELEASING = YES;
				CLANG_WARN_BOOL_CONVERSION = YES;
				CLANG_WARN_COMMA = YES;
				CLANG_WARN_CONSTANT_CONVERSION = YES;
				CLANG_WARN_DIRECT_OBJC_ISA_USAGE = YES_ERROR;
				CLANG_WARN_DOCUMENTATION_COMMENTS = YES;
				CLANG_WARN_EMPTY_BODY = YES;
				CLANG_WARN_ENUM_CONVERSION = YES;
				CLANG_WARN_INFINITE_RECURSION = YES;
				CLANG_WARN_INT_CONVERSION = YES;
				CLANG_WARN_NON_LITERAL_NULL_CONVERSION = YES;
				CLANG_WARN_OBJC_LITERAL_CONVERSION = YES;
				CLANG_WARN_OBJC_ROOT_CLASS = YES_ERROR;
				CLANG_WARN_RANGE_LOOP_ANALYSIS = YES;
				CLANG_WARN_STRICT_PROTOTYPES = YES;
				CLANG_WARN_SUSPICIOUS_MOVE = YES;
				CLANG_WARN_UNGUARDED_AVAILABILITY = YES_AGGRESSIVE;
				CLANG_WARN_UNREACHABLE_CODE = YES;
				CLANG_WARN__DUPLICATE_METHOD_MATCH = YES;
				CODE_SIGN_IDENTITY = "iPhone Developer";
				COPY_PHASE_STRIP = NO;
				DEBUG_INFORMATION_FORMAT = dwarf;
				ENABLE_STRICT_OBJC_MSGSEND = YES;
				ENABLE_TESTABILITY = YES;
				GCC_C_LANGUAGE_STANDARD = gnu11;
				GCC_DYNAMIC_NO_PIC = NO;
				GCC_NO_COMMON_BLOCKS = YES;
				GCC_OPTIMIZATION_LEVEL = 0;
				GCC_PREPROCESSOR_DEFINITIONS = (
					"DEBUG=1",
					"$(inherited)",
				);
				GCC_WARN_64_TO_32_BIT_CONVERSION = YES;
				GCC_WARN_ABOUT_RETURN_TYPE = YES_ERROR;
				GCC_WARN_UNDECLARED_SELECTOR = YES;
				GCC_WARN_UNINITIALIZED_AUTOS = YES_AGGRESSIVE;
				GCC_WARN_UNUSED_FUNCTION = YES;
				GCC_WARN_UNUSED_VARIABLE = YES;
				IPHONEOS_DEPLOYMENT_TARGET = 11.2;
				MTL_ENABLE_DEBUG_INFO = YES;
				ONLY_ACTIVE_ARCH = YES;
				SDKROOT = iphoneos;
				SWIFT_ACTIVE_COMPILATION_CONDITIONS = DEBUG;
				SWIFT_OPTIMIZATION_LEVEL = "-Onone";
			};
			name = Debug;
		};
		D595B24C2069EDFA0089FAAF /* Release */ = {
			isa = XCBuildConfiguration;
			buildSettings = {
				ALWAYS_SEARCH_USER_PATHS = NO;
				CLANG_ANALYZER_NONNULL = YES;
				CLANG_ANALYZER_NUMBER_OBJECT_CONVERSION = YES_AGGRESSIVE;
				CLANG_CXX_LANGUAGE_STANDARD = "gnu++14";
				CLANG_CXX_LIBRARY = "libc++";
				CLANG_ENABLE_MODULES = YES;
				CLANG_ENABLE_OBJC_ARC = YES;
				CLANG_WARN_BLOCK_CAPTURE_AUTORELEASING = YES;
				CLANG_WARN_BOOL_CONVERSION = YES;
				CLANG_WARN_COMMA = YES;
				CLANG_WARN_CONSTANT_CONVERSION = YES;
				CLANG_WARN_DIRECT_OBJC_ISA_USAGE = YES_ERROR;
				CLANG_WARN_DOCUMENTATION_COMMENTS = YES;
				CLANG_WARN_EMPTY_BODY = YES;
				CLANG_WARN_ENUM_CONVERSION = YES;
				CLANG_WARN_INFINITE_RECURSION = YES;
				CLANG_WARN_INT_CONVERSION = YES;
				CLANG_WARN_NON_LITERAL_NULL_CONVERSION = YES;
				CLANG_WARN_OBJC_LITERAL_CONVERSION = YES;
				CLANG_WARN_OBJC_ROOT_CLASS = YES_ERROR;
				CLANG_WARN_RANGE_LOOP_ANALYSIS = YES;
				CLANG_WARN_STRICT_PROTOTYPES = YES;
				CLANG_WARN_SUSPICIOUS_MOVE = YES;
				CLANG_WARN_UNGUARDED_AVAILABILITY = YES_AGGRESSIVE;
				CLANG_WARN_UNREACHABLE_CODE = YES;
				CLANG_WARN__DUPLICATE_METHOD_MATCH = YES;
				CODE_SIGN_IDENTITY = "iPhone Developer";
				COPY_PHASE_STRIP = NO;
				DEBUG_INFORMATION_FORMAT = "dwarf-with-dsym";
				ENABLE_NS_ASSERTIONS = NO;
				ENABLE_STRICT_OBJC_MSGSEND = YES;
				GCC_C_LANGUAGE_STANDARD = gnu11;
				GCC_NO_COMMON_BLOCKS = YES;
				GCC_WARN_64_TO_32_BIT_CONVERSION = YES;
				GCC_WARN_ABOUT_RETURN_TYPE = YES_ERROR;
				GCC_WARN_UNDECLARED_SELECTOR = YES;
				GCC_WARN_UNINITIALIZED_AUTOS = YES_AGGRESSIVE;
				GCC_WARN_UNUSED_FUNCTION = YES;
				GCC_WARN_UNUSED_VARIABLE = YES;
				IPHONEOS_DEPLOYMENT_TARGET = 11.2;
				MTL_ENABLE_DEBUG_INFO = NO;
				SDKROOT = iphoneos;
				SWIFT_OPTIMIZATION_LEVEL = "-Owholemodule";
				VALIDATE_PRODUCT = YES;
			};
			name = Release;
		};
		D595B24E2069EDFA0089FAAF /* Debug */ = {
			isa = XCBuildConfiguration;
			buildSettings = {
				ASSETCATALOG_COMPILER_APPICON_NAME = AppIcon;
				CODE_SIGN_STYLE = Automatic;
				INFOPLIST_FILE = VandyAppsWeatherTesting/Info.plist;
				LD_RUNPATH_SEARCH_PATHS = "$(inherited) @executable_path/Frameworks";
				PRODUCT_BUNDLE_IDENTIFIER = Marshall.VandyAppsWeatherTesting;
				PRODUCT_NAME = "$(TARGET_NAME)";
				SWIFT_VERSION = 4.0;
				TARGETED_DEVICE_FAMILY = "1,2";
			};
			name = Debug;
		};
		D595B24F2069EDFA0089FAAF /* Release */ = {
			isa = XCBuildConfiguration;
			buildSettings = {
				ASSETCATALOG_COMPILER_APPICON_NAME = AppIcon;
				CODE_SIGN_STYLE = Automatic;
				INFOPLIST_FILE = VandyAppsWeatherTesting/Info.plist;
				LD_RUNPATH_SEARCH_PATHS = "$(inherited) @executable_path/Frameworks";
				PRODUCT_BUNDLE_IDENTIFIER = Marshall.VandyAppsWeatherTesting;
				PRODUCT_NAME = "$(TARGET_NAME)";
				SWIFT_VERSION = 4.0;
				TARGETED_DEVICE_FAMILY = "1,2";
			};
			name = Release;
		};
/* End XCBuildConfiguration section */

/* Begin XCConfigurationList section */
		D595B2362069EDFA0089FAAF /* Build configuration list for PBXProject "VandyAppsWeatherTestingWithLocation" */ = {
			isa = XCConfigurationList;
			buildConfigurations = (
				D595B24B2069EDFA0089FAAF /* Debug */,
				D595B24C2069EDFA0089FAAF /* Release */,
			);
			defaultConfigurationIsVisible = 0;
			defaultConfigurationName = Release;
		};
		D595B24D2069EDFA0089FAAF /* Build configuration list for PBXNativeTarget "VandyAppsWeatherTestingWithLocation" */ = {
			isa = XCConfigurationList;
			buildConfigurations = (
				D595B24E2069EDFA0089FAAF /* Debug */,
				D595B24F2069EDFA0089FAAF /* Release */,
			);
			defaultConfigurationIsVisible = 0;
			defaultConfigurationName = Release;
		};
/* End XCConfigurationList section */
	};
	rootObject = D595B2332069EDFA0089FAAF /* Project object */;
}
